<?xml version="1.0" encoding="utf-8"?>
<Project ToolsVersion="4.0" xmlns="http://schemas.microsoft.com/developer/msbuild/2003">
  <ItemGroup>
    <Filter Include="ソース ファイル">
      <UniqueIdentifier>{4FC737F1-C7A5-4376-A066-2A32D752A2FF}</UniqueIdentifier>
      <Extensions>cpp;c;cc;cxx;c++;cppm;ixx;def;odl;idl;hpj;bat;asm;asmx</Extensions>
    </Filter>
    <Filter Include="ヘッダー ファイル">
      <UniqueIdentifier>{93995380-89BD-4b04-88EB-625FBE52EBFB}</UniqueIdentifier>
      <Extensions>h;hh;hpp;hxx;h++;hm;inl;inc;ipp;xsd</Extensions>
    </Filter>
    <Filter Include="リソース ファイル">
      <UniqueIdentifier>{67DA6AB6-F800-4c08-8B7A-83BB121AAD01}</UniqueIdentifier>
      <Extensions>rc;ico;cur;bmp;dlg;rc2;rct;bin;rgs;gif;jpg;jpeg;jpe;resx;tiff;tif;png;wav;mfcribbon-ms</Extensions>
    </Filter>
  </ItemGroup>
  <ItemGroup>
    <ClCompile Include="src\CRC_pch.cpp">
      <Filter>ソース ファイル</Filter>
    </ClCompile>
    <ClCompile Include="src\CRC_window.cpp">
      <Filter>ソース ファイル</Filter>
    </ClCompile>
    <ClCompile Include="src\CRC_funcs.cpp">
      <Filter>ソース ファイル</Filter>
    </ClCompile>
    <ClCompile Include="src\CRC_scene.cpp">
      <Filter>ソース ファイル</Filter>
    </ClCompile>
    <ClCompile Include="src\CRC_container.cpp">
      <Filter>ソース ファイル</Filter>
    </ClCompile>
    <ClCompile Include="src\CRC_event.cpp">
      <Filter>ソース ファイル</Filter>
    </ClCompile>
    <ClCompile Include="src\CRC_user_input.cpp">
      <Filter>ソース ファイル</Filter>
    </ClCompile>
    <ClCompile Include="src\CRC_event_caller.cpp">
      <Filter>ソース ファイル</Filter>
    </ClCompile>
  </ItemGroup>
  <ItemGroup>
    <ClInclude Include="include\CRC_config.h">
      <Filter>ヘッダー ファイル</Filter>
    </ClInclude>
    <ClInclude Include="include\CRC_pch.h">
      <Filter>ヘッダー ファイル</Filter>
    </ClInclude>
    <ClInclude Include="include\CRC_window.h">
      <Filter>ヘッダー ファイル</Filter>
    </ClInclude>
    <ClInclude Include="include\CuRendCore.h">
      <Filter>ヘッダー ファイル</Filter>
    </ClInclude>
    <ClInclude Include="include\stb_image.h">
      <Filter>ヘッダー ファイル</Filter>
    </ClInclude>
    <ClInclude Include="include\CRC_funcs.h">
      <Filter>ヘッダー ファイル</Filter>
    </ClInclude>
    <ClInclude Include="include\CRC_scene.h">
      <Filter>ヘッダー ファイル</Filter>
    </ClInclude>
    <ClInclude Include="include\CRC_container.h">
      <Filter>ヘッダー ファイル</Filter>
    </ClInclude>
    <ClInclude Include="include\CRC_event.h">
      <Filter>ヘッダー ファイル</Filter>
    </ClInclude>
    <ClInclude Include="include\CRC_user_input.h">
      <Filter>ヘッダー ファイル</Filter>
    </ClInclude>
    <ClInclude Include="include\CRC_event_caller.h">
      <Filter>ヘッダー ファイル</Filter>
    </ClInclude>
    <ClInclude Include="include\CRC_resource.cuh">
      <Filter>ヘッダー ファイル</Filter>
    </ClInclude>
    <ClInclude Include="include\CRC_factory.h">
      <Filter>ヘッダー ファイル</Filter>
    </ClInclude>
  </ItemGroup>
  <ItemGroup>
    <CudaCompile Include="src\CRC_device_context.cu">
      <Filter>ソース ファイル</Filter>
    </CudaCompile>
    <CudaCompile Include="include\CRC_device_context.cuh">
      <Filter>ヘッダー ファイル</Filter>
    </CudaCompile>
    <CudaCompile Include="src\CRC_buffer.cu">
      <Filter>ソース ファイル</Filter>
    </CudaCompile>
    <CudaCompile Include="src\CRC_device.cu">
      <Filter>ソース ファイル</Filter>
    </CudaCompile>
    <CudaCompile Include="src\CRC_rtv.cu">
      <Filter>ソース ファイル</Filter>
    </CudaCompile>
    <CudaCompile Include="src\CRC_texture.cu">
      <Filter>ソース ファイル</Filter>
    </CudaCompile>
    <CudaCompile Include="include\CRC_buffer.cuh">
      <Filter>ヘッダー ファイル</Filter>
    </CudaCompile>
    <CudaCompile Include="include\CRC_device.cuh">
      <Filter>ヘッダー ファイル</Filter>
    </CudaCompile>
    <CudaCompile Include="include\CRC_rtv.cuh">
      <Filter>ヘッダー ファイル</Filter>
    </CudaCompile>
    <CudaCompile Include="include\CRC_texture.cuh">
      <Filter>ヘッダー ファイル</Filter>
    </CudaCompile>
    <CudaCompile Include="src\CRC_srv.cu">
      <Filter>ソース ファイル</Filter>
    </CudaCompile>
    <CudaCompile Include="include\CRC_srv.cuh">
      <Filter>ヘッダー ファイル</Filter>
    </CudaCompile>
    <CudaCompile Include="include\CRC_view.cuh">
      <Filter>ヘッダー ファイル</Filter>
    </CudaCompile>
    <CudaCompile Include="src\CRC_dsv.cu">
      <Filter>ソース ファイル</Filter>
    </CudaCompile>
    <CudaCompile Include="include\CRC_dsv.cuh">
      <Filter>ヘッダー ファイル</Filter>
    </CudaCompile>
  </ItemGroup>
</Project>