
Microsoft Visual Studio Solution File, Format Version 12.00
# Visual Studio Version 17
VisualStudioVersion = 17.11.35327.3
MinimumVisualStudioVersion = 10.0.40219.1
Project("{8BC9CEB8-8B4A-11D0-8D11-00A0C91BC942}") = "CuRendCore", "CuRendCore\CuRendCore.vcxproj", "{F98A275B-F9A7-4EE0-A0A9-177514A2BBAF}"
	ProjectSection(ProjectDependencies) = postProject
		{45E2BCB1-0517-4B19-859B-ACF9D2102B43} = {45E2BCB1-0517-4B19-859B-ACF9D2102B43}
		{BEAE07B0-734F-4061-8950-7771630A9569} = {BEAE07B0-734F-4061-8950-7771630A9569}
	EndProjectSection
EndProject
Project("{8BC9CEB8-8B4A-11D0-8D11-00A0C91BC942}") = "CuRendCore_Example", "CuRendCore_Example\CuRendCore_Example.vcxproj", "{6A89E593-8DA1-4A9B-AE45-7574208D9835}"
	ProjectSection(ProjectDependencies) = postProject
		{F98A275B-F9A7-4EE0-A0A9-177514A2BBAF} = {F98A275B-F9A7-4EE0-A0A9-177514A2BBAF}
	EndProjectSection
EndProject
Project("{8BC9CEB8-8B4A-11D0-8D11-00A0C91BC942}") = "CuRendCore_Test", "CuRendCore_Test\CuRendCore_Test.vcxproj", "{2253A2C0-8BEE-4062-A528-EFBE417BC6AC}"
	ProjectSection(ProjectDependencies) = postProject
		{F98A275B-F9A7-4EE0-A0A9-177514A2BBAF} = {F98A275B-F9A7-4EE0-A0A9-177514A2BBAF}
	EndProjectSection
EndProject
Project("{8BC9CEB8-8B4A-11D0-8D11-00A0C91BC942}") = "WinAppCore", "WinAppCore\WinAppCore.vcxproj", "{45E2BCB1-0517-4B19-859B-ACF9D2102B43}"
EndProject
Project("{8BC9CEB8-8B4A-11D0-8D11-00A0C91BC942}") = "CRCBuffer", "CRCBuffer\CRCBuffer.vcxproj", "{775549F2-6C63-4EC3-9553-A591738B6BCF}"
	ProjectSection(ProjectDependencies) = postProject
		{45E2BCB1-0517-4B19-859B-ACF9D2102B43} = {45E2BCB1-0517-4B19-859B-ACF9D2102B43}
		{BEAE07B0-734F-4061-8950-7771630A9569} = {BEAE07B0-734F-4061-8950-7771630A9569}
	EndProjectSection
EndProject
Project("{8BC9CEB8-8B4A-11D0-8D11-00A0C91BC942}") = "CRCBuffer_Test", "CRCBuffer_Test\CRCBuffer_Test.vcxproj", "{19D73E0C-10C6-4242-9055-FEF40AB8D271}"
EndProject
Project("{8BC9CEB8-8B4A-11D0-8D11-00A0C91BC942}") = "CRCTexture", "CRCTexture\CRCTexture.vcxproj", "{D0B2B28C-A914-4717-88E8-A2C187564224}"
	ProjectSection(ProjectDependencies) = postProject
		{45E2BCB1-0517-4B19-859B-ACF9D2102B43} = {45E2BCB1-0517-4B19-859B-ACF9D2102B43}
		{BEAE07B0-734F-4061-8950-7771630A9569} = {BEAE07B0-734F-4061-8950-7771630A9569}
	EndProjectSection
EndProject
Project("{8BC9CEB8-8B4A-11D0-8D11-00A0C91BC942}") = "CudaCore", "CudaCore\CudaCore.vcxproj", "{BEAE07B0-734F-4061-8950-7771630A9569}"
	ProjectSection(ProjectDependencies) = postProject
		{45E2BCB1-0517-4B19-859B-ACF9D2102B43} = {45E2BCB1-0517-4B19-859B-ACF9D2102B43}
	EndProjectSection
EndProject
Project("{8BC9CEB8-8B4A-11D0-8D11-00A0C91BC942}") = "CRCDevice", "CRCDevice\CRCDevice.vcxproj", "{11F87A5F-855D-4EAE-A7FF-3CEE8817AA1D}"
EndProject
Project("{8BC9CEB8-8B4A-11D0-8D11-00A0C91BC942}") = "CRCTexture_Test", "CRCTexture_Test\CRCTexture_Test.vcxproj", "{53846A73-616C-41F2-8742-7837E5D4B44A}"
EndProject
Global
	GlobalSection(SolutionConfigurationPlatforms) = preSolution
		Debug|x64 = Debug|x64
		Debug|x86 = Debug|x86
		Release|x64 = Release|x64
		Release|x86 = Release|x86
	EndGlobalSection
	GlobalSection(ProjectConfigurationPlatforms) = postSolution
		{F98A275B-F9A7-4EE0-A0A9-177514A2BBAF}.Debug|x64.ActiveCfg = Debug|x64
		{F98A275B-F9A7-4EE0-A0A9-177514A2BBAF}.Debug|x64.Build.0 = Debug|x64
		{F98A275B-F9A7-4EE0-A0A9-177514A2BBAF}.Debug|x86.ActiveCfg = Debug|Win32
		{F98A275B-F9A7-4EE0-A0A9-177514A2BBAF}.Debug|x86.Build.0 = Debug|Win32
		{F98A275B-F9A7-4EE0-A0A9-177514A2BBAF}.Release|x64.ActiveCfg = Release|x64
		{F98A275B-F9A7-4EE0-A0A9-177514A2BBAF}.Release|x64.Build.0 = Release|x64
		{F98A275B-F9A7-4EE0-A0A9-177514A2BBAF}.Release|x86.ActiveCfg = Release|Win32
		{F98A275B-F9A7-4EE0-A0A9-177514A2BBAF}.Release|x86.Build.0 = Release|Win32
		{6A89E593-8DA1-4A9B-AE45-7574208D9835}.Debug|x64.ActiveCfg = Debug|x64
		{6A89E593-8DA1-4A9B-AE45-7574208D9835}.Debug|x64.Build.0 = Debug|x64
		{6A89E593-8DA1-4A9B-AE45-7574208D9835}.Debug|x86.ActiveCfg = Debug|Win32
		{6A89E593-8DA1-4A9B-AE45-7574208D9835}.Debug|x86.Build.0 = Debug|Win32
		{6A89E593-8DA1-4A9B-AE45-7574208D9835}.Release|x64.ActiveCfg = Release|x64
		{6A89E593-8DA1-4A9B-AE45-7574208D9835}.Release|x64.Build.0 = Release|x64
		{6A89E593-8DA1-4A9B-AE45-7574208D9835}.Release|x86.ActiveCfg = Release|Win32
		{6A89E593-8DA1-4A9B-AE45-7574208D9835}.Release|x86.Build.0 = Release|Win32
		{2253A2C0-8BEE-4062-A528-EFBE417BC6AC}.Debug|x64.ActiveCfg = Debug|x64
		{2253A2C0-8BEE-4062-A528-EFBE417BC6AC}.Debug|x64.Build.0 = Debug|x64
		{2253A2C0-8BEE-4062-A528-EFBE417BC6AC}.Debug|x86.ActiveCfg = Debug|Win32
		{2253A2C0-8BEE-4062-A528-EFBE417BC6AC}.Debug|x86.Build.0 = Debug|Win32
		{2253A2C0-8BEE-4062-A528-EFBE417BC6AC}.Release|x64.ActiveCfg = Release|x64
		{2253A2C0-8BEE-4062-A528-EFBE417BC6AC}.Release|x64.Build.0 = Release|x64
		{2253A2C0-8BEE-4062-A528-EFBE417BC6AC}.Release|x86.ActiveCfg = Release|Win32
		{2253A2C0-8BEE-4062-A528-EFBE417BC6AC}.Release|x86.Build.0 = Release|Win32
		{45E2BCB1-0517-4B19-859B-ACF9D2102B43}.Debug|x64.ActiveCfg = Debug|x64
		{45E2BCB1-0517-4B19-859B-ACF9D2102B43}.Debug|x64.Build.0 = Debug|x64
		{45E2BCB1-0517-4B19-859B-ACF9D2102B43}.Debug|x86.ActiveCfg = Debug|Win32
		{45E2BCB1-0517-4B19-859B-ACF9D2102B43}.Debug|x86.Build.0 = Debug|Win32
		{45E2BCB1-0517-4B19-859B-ACF9D2102B43}.Release|x64.ActiveCfg = Release|x64
		{45E2BCB1-0517-4B19-859B-ACF9D2102B43}.Release|x64.Build.0 = Release|x64
		{45E2BCB1-0517-4B19-859B-ACF9D2102B43}.Release|x86.ActiveCfg = Release|Win32
		{45E2BCB1-0517-4B19-859B-ACF9D2102B43}.Release|x86.Build.0 = Release|Win32
		{775549F2-6C63-4EC3-9553-A591738B6BCF}.Debug|x64.ActiveCfg = Debug|x64
		{775549F2-6C63-4EC3-9553-A591738B6BCF}.Debug|x64.Build.0 = Debug|x64
		{775549F2-6C63-4EC3-9553-A591738B6BCF}.Debug|x86.ActiveCfg = Debug|Win32
		{775549F2-6C63-4EC3-9553-A591738B6BCF}.Debug|x86.Build.0 = Debug|Win32
		{775549F2-6C63-4EC3-9553-A591738B6BCF}.Release|x64.ActiveCfg = Release|x64
		{775549F2-6C63-4EC3-9553-A591738B6BCF}.Release|x64.Build.0 = Release|x64
		{775549F2-6C63-4EC3-9553-A591738B6BCF}.Release|x86.ActiveCfg = Release|Win32
		{775549F2-6C63-4EC3-9553-A591738B6BCF}.Release|x86.Build.0 = Release|Win32
		{19D73E0C-10C6-4242-9055-FEF40AB8D271}.Debug|x64.ActiveCfg = Debug|x64
		{19D73E0C-10C6-4242-9055-FEF40AB8D271}.Debug|x64.Build.0 = Debug|x64
		{19D73E0C-10C6-4242-9055-FEF40AB8D271}.Debug|x86.ActiveCfg = Debug|Win32
		{19D73E0C-10C6-4242-9055-FEF40AB8D271}.Debug|x86.Build.0 = Debug|Win32
		{19D73E0C-10C6-4242-9055-FEF40AB8D271}.Release|x64.ActiveCfg = Release|x64
		{19D73E0C-10C6-4242-9055-FEF40AB8D271}.Release|x64.Build.0 = Release|x64
		{19D73E0C-10C6-4242-9055-FEF40AB8D271}.Release|x86.ActiveCfg = Release|Win32
		{19D73E0C-10C6-4242-9055-FEF40AB8D271}.Release|x86.Build.0 = Release|Win32
		{D0B2B28C-A914-4717-88E8-A2C187564224}.Debug|x64.ActiveCfg = Debug|x64
		{D0B2B28C-A914-4717-88E8-A2C187564224}.Debug|x64.Build.0 = Debug|x64
		{D0B2B28C-A914-4717-88E8-A2C187564224}.Debug|x86.ActiveCfg = Debug|Win32
		{D0B2B28C-A914-4717-88E8-A2C187564224}.Debug|x86.Build.0 = Debug|Win32
		{D0B2B28C-A914-4717-88E8-A2C187564224}.Release|x64.ActiveCfg = Release|x64
		{D0B2B28C-A914-4717-88E8-A2C187564224}.Release|x64.Build.0 = Release|x64
		{D0B2B28C-A914-4717-88E8-A2C187564224}.Release|x86.ActiveCfg = Release|Win32
		{D0B2B28C-A914-4717-88E8-A2C187564224}.Release|x86.Build.0 = Release|Win32
		{BEAE07B0-734F-4061-8950-7771630A9569}.Debug|x64.ActiveCfg = Debug|x64
		{BEAE07B0-734F-4061-8950-7771630A9569}.Debug|x64.Build.0 = Debug|x64
		{BEAE07B0-734F-4061-8950-7771630A9569}.Debug|x86.ActiveCfg = Debug|Win32
		{BEAE07B0-734F-4061-8950-7771630A9569}.Debug|x86.Build.0 = Debug|Win32
		{BEAE07B0-734F-4061-8950-7771630A9569}.Release|x64.ActiveCfg = Release|x64
		{BEAE07B0-734F-4061-8950-7771630A9569}.Release|x64.Build.0 = Release|x64
		{BEAE07B0-734F-4061-8950-7771630A9569}.Release|x86.ActiveCfg = Release|Win32
		{BEAE07B0-734F-4061-8950-7771630A9569}.Release|x86.Build.0 = Release|Win32
		{11F87A5F-855D-4EAE-A7FF-3CEE8817AA1D}.Debug|x64.ActiveCfg = Debug|x64
		{11F87A5F-855D-4EAE-A7FF-3CEE8817AA1D}.Debug|x64.Build.0 = Debug|x64
		{11F87A5F-855D-4EAE-A7FF-3CEE8817AA1D}.Debug|x86.ActiveCfg = Debug|Win32
		{11F87A5F-855D-4EAE-A7FF-3CEE8817AA1D}.Debug|x86.Build.0 = Debug|Win32
		{11F87A5F-855D-4EAE-A7FF-3CEE8817AA1D}.Release|x64.ActiveCfg = Release|x64
		{11F87A5F-855D-4EAE-A7FF-3CEE8817AA1D}.Release|x64.Build.0 = Release|x64
		{11F87A5F-855D-4EAE-A7FF-3CEE8817AA1D}.Release|x86.ActiveCfg = Release|Win32
		{11F87A5F-855D-4EAE-A7FF-3CEE8817AA1D}.Release|x86.Build.0 = Release|Win32
		{53846A73-616C-41F2-8742-7837E5D4B44A}.Debug|x64.ActiveCfg = Debug|x64
		{53846A73-616C-41F2-8742-7837E5D4B44A}.Debug|x64.Build.0 = Debug|x64
		{53846A73-616C-41F2-8742-7837E5D4B44A}.Debug|x86.ActiveCfg = Debug|Win32
		{53846A73-616C-41F2-8742-7837E5D4B44A}.Debug|x86.Build.0 = Debug|Win32
		{53846A73-616C-41F2-8742-7837E5D4B44A}.Release|x64.ActiveCfg = Release|x64
		{53846A73-616C-41F2-8742-7837E5D4B44A}.Release|x64.Build.0 = Release|x64
		{53846A73-616C-41F2-8742-7837E5D4B44A}.Release|x86.ActiveCfg = Release|Win32
		{53846A73-616C-41F2-8742-7837E5D4B44A}.Release|x86.Build.0 = Release|Win32
	EndGlobalSection
	GlobalSection(SolutionProperties) = preSolution
		HideSolutionNode = FALSE
	EndGlobalSection
	GlobalSection(ExtensibilityGlobals) = postSolution
		SolutionGuid = {20858B07-927A-4A57-B9B1-109D5177B8C4}
	EndGlobalSection
EndGlobal
